
Microsoft Visual Studio Solution File, Format Version 12.00
# Visual Studio 15
VisualStudioVersion = 15.0.27004.2006
MinimumVisualStudioVersion = 10.0.40219.1
Project("{FAE04EC0-301F-11D3-BF4B-00C04F79EFBC}") = "CircleArea", "CircleArea\CircleArea.csproj", "{1E935902-905D-4ECE-A1AF-279816189BFF}"
EndProject
Project("{FAE04EC0-301F-11D3-BF4B-00C04F79EFBC}") = "AverageNumber", "AverageNumber\AverageNumber.csproj", "{6F9152F2-057A-46E1-86F2-B11E8BA1E5DE}"
EndProject
Global
	GlobalSection(SolutionConfigurationPlatforms) = preSolution
		Debug|Any CPU = Debug|Any CPU
		Release|Any CPU = Release|Any CPU
	EndGlobalSection
	GlobalSection(ProjectConfigurationPlatforms) = postSolution
		{1E935902-905D-4ECE-A1AF-279816189BFF}.Debug|Any CPU.ActiveCfg = Debug|Any CPU
		{1E935902-905D-4ECE-A1AF-279816189BFF}.Debug|Any CPU.Build.0 = Debug|Any CPU
		{1E935902-905D-4ECE-A1AF-279816189BFF}.Release|Any CPU.ActiveCfg = Release|Any CPU
		{1E935902-905D-4ECE-A1AF-279816189BFF}.Release|Any CPU.Build.0 = Release|Any CPU
		{6F9152F2-057A-46E1-86F2-B11E8BA1E5DE}.Debug|Any CPU.ActiveCfg = Debug|Any CPU
		{6F9152F2-057A-46E1-86F2-B11E8BA1E5DE}.Debug|Any CPU.Build.0 = Debug|Any CPU
		{6F9152F2-057A-46E1-86F2-B11E8BA1E5DE}.Release|Any CPU.ActiveCfg = Release|Any CPU
		{6F9152F2-057A-46E1-86F2-B11E8BA1E5DE}.Release|Any CPU.Build.0 = Release|Any CPU
	EndGlobalSection
	GlobalSection(SolutionProperties) = preSolution
		HideSolutionNode = FALSE
	EndGlobalSection
	GlobalSection(ExtensibilityGlobals) = postSolution
		SolutionGuid = {9701B57D-067F-4400-86C6-8182FF243006}
	EndGlobalSection
EndGlobal
